
Microsoft Visual Studio Solution File, Format Version 12.00
# Visual Studio 14
VisualStudioVersion = 14.0.25420.1
MinimumVisualStudioVersion = 10.0.40219.1
Project("{FAE04EC0-301F-11D3-BF4B-00C04F79EFBC}") = "ThinkLib", "ThinkLib\ThinkLib.csproj", "{3A400D75-9C72-43C5-8447-2070F333AAE3}"
EndProject
Project("{2150E333-8FDC-42A3-9474-1A3956D46DE8}") = "Extensions", "Extensions", "{2BA1C833-B88D-4986-89D5-2932BDEB52D2}"
EndProject
Project("{FAE04EC0-301F-11D3-BF4B-00C04F79EFBC}") = "ThinkLib.Composition.Unity", "ThinkLib.Composition.Unity\ThinkLib.Composition.Unity.csproj", "{7F73C3D8-27F3-4791-B781-9714FBF8DF8D}"
EndProject
Global
	GlobalSection(SolutionConfigurationPlatforms) = preSolution
		Debug|Any CPU = Debug|Any CPU
		Debug|Mixed Platforms = Debug|Mixed Platforms
		Debug|x86 = Debug|x86
		Release|Any CPU = Release|Any CPU
		Release|Mixed Platforms = Release|Mixed Platforms
		Release|x86 = Release|x86
	EndGlobalSection
	GlobalSection(ProjectConfigurationPlatforms) = postSolution
		{3A400D75-9C72-43C5-8447-2070F333AAE3}.Debug|Any CPU.ActiveCfg = Debug|Any CPU
		{3A400D75-9C72-43C5-8447-2070F333AAE3}.Debug|Any CPU.Build.0 = Debug|Any CPU
		{3A400D75-9C72-43C5-8447-2070F333AAE3}.Debug|Mixed Platforms.ActiveCfg = Debug|Any CPU
		{3A400D75-9C72-43C5-8447-2070F333AAE3}.Debug|Mixed Platforms.Build.0 = Debug|Any CPU
		{3A400D75-9C72-43C5-8447-2070F333AAE3}.Debug|x86.ActiveCfg = Debug|Any CPU
		{3A400D75-9C72-43C5-8447-2070F333AAE3}.Release|Any CPU.ActiveCfg = Release|Any CPU
		{3A400D75-9C72-43C5-8447-2070F333AAE3}.Release|Any CPU.Build.0 = Release|Any CPU
		{3A400D75-9C72-43C5-8447-2070F333AAE3}.Release|Mixed Platforms.ActiveCfg = Release|Any CPU
		{3A400D75-9C72-43C5-8447-2070F333AAE3}.Release|Mixed Platforms.Build.0 = Release|Any CPU
		{3A400D75-9C72-43C5-8447-2070F333AAE3}.Release|x86.ActiveCfg = Release|Any CPU
		{7F73C3D8-27F3-4791-B781-9714FBF8DF8D}.Debug|Any CPU.ActiveCfg = Debug|Any CPU
		{7F73C3D8-27F3-4791-B781-9714FBF8DF8D}.Debug|Any CPU.Build.0 = Debug|Any CPU
		{7F73C3D8-27F3-4791-B781-9714FBF8DF8D}.Debug|Mixed Platforms.ActiveCfg = Debug|Any CPU
		{7F73C3D8-27F3-4791-B781-9714FBF8DF8D}.Debug|Mixed Platforms.Build.0 = Debug|Any CPU
		{7F73C3D8-27F3-4791-B781-9714FBF8DF8D}.Debug|x86.ActiveCfg = Debug|Any CPU
		{7F73C3D8-27F3-4791-B781-9714FBF8DF8D}.Debug|x86.Build.0 = Debug|Any CPU
		{7F73C3D8-27F3-4791-B781-9714FBF8DF8D}.Release|Any CPU.ActiveCfg = Release|Any CPU
		{7F73C3D8-27F3-4791-B781-9714FBF8DF8D}.Release|Any CPU.Build.0 = Release|Any CPU
		{7F73C3D8-27F3-4791-B781-9714FBF8DF8D}.Release|Mixed Platforms.ActiveCfg = Release|Any CPU
		{7F73C3D8-27F3-4791-B781-9714FBF8DF8D}.Release|Mixed Platforms.Build.0 = Release|Any CPU
		{7F73C3D8-27F3-4791-B781-9714FBF8DF8D}.Release|x86.ActiveCfg = Release|Any CPU
		{7F73C3D8-27F3-4791-B781-9714FBF8DF8D}.Release|x86.Build.0 = Release|Any CPU
	EndGlobalSection
	GlobalSection(SolutionProperties) = preSolution
		HideSolutionNode = FALSE
	EndGlobalSection
	GlobalSection(NestedProjects) = preSolution
		{7F73C3D8-27F3-4791-B781-9714FBF8DF8D} = {2BA1C833-B88D-4986-89D5-2932BDEB52D2}
	EndGlobalSection
EndGlobal
